# This file is automatically @generated by Cargo.
# It is not intended for manual editing.
version = 3

[[package]]
name = "plugin_template"
version = "0.1.0"
dependencies = [
 "rtop_dev",
]

[[package]]
name = "rtop_dev"
version = "0.2.2"
source = "registry+https://github.com/rust-lang/crates.io-index"
checksum = "54b121433dc6167db9bf9d9f34a46794c1df349332488e0145594e31fc82dca0"
